
Microsoft Visual Studio Solution File, Format Version 12.00
# Visual Studio Version 17
VisualStudioVersion = 17.8.34309.116
MinimumVisualStudioVersion = 10.0.40219.1
Project("{FAE04EC0-301F-11D3-BF4B-00C04F79EFBC}") = "5p", "5p\5p.csproj", "{920F6ED1-D107-4E39-9AFD-42DF5D2D361D}"
EndProject
Global
	GlobalSection(SolutionConfigurationPlatforms) = preSolution
		Debug|Any CPU = Debug|Any CPU
		Release|Any CPU = Release|Any CPU
	EndGlobalSection
	GlobalSection(ProjectConfigurationPlatforms) = postSolution
		{920F6ED1-D107-4E39-9AFD-42DF5D2D361D}.Debug|Any CPU.ActiveCfg = Debug|Any CPU
		{920F6ED1-D107-4E39-9AFD-42DF5D2D361D}.Debug|Any CPU.Build.0 = Debug|Any CPU
		{920F6ED1-D107-4E39-9AFD-42DF5D2D361D}.Release|Any CPU.ActiveCfg = Release|Any CPU
		{920F6ED1-D107-4E39-9AFD-42DF5D2D361D}.Release|Any CPU.Build.0 = Release|Any CPU
	EndGlobalSection
	GlobalSection(SolutionProperties) = preSolution
		HideSolutionNode = FALSE
	EndGlobalSection
	GlobalSection(ExtensibilityGlobals) = postSolution
		SolutionGuid = {F2DE4390-A622-41B9-AA9A-DB20E8243C34}
	EndGlobalSection
EndGlobal
